
Microsoft Visual Studio Solution File, Format Version 12.00
# Visual Studio Version 17
VisualStudioVersion = 17.3.32901.215
MinimumVisualStudioVersion = 10.0.40219.1
Project("{9A19103F-16F7-4668-BE54-9A1E7A4F7556}") = "CloudDatabase", "CloudDatabase\CloudDatabase.csproj", "{63C1044A-FDED-4EB7-AE03-6A8763D41E98}"
EndProject
Project("{9A19103F-16F7-4668-BE54-9A1E7A4F7556}") = "DAL", "DAL\DAL.csproj", "{2715DCDD-C85E-4907-8096-459ED7A01F2D}"
EndProject
Project("{9A19103F-16F7-4668-BE54-9A1E7A4F7556}") = "Service", "Service\Service.csproj", "{2E4646E8-0BCB-4150-8E0C-40F2DFEE61EE}"
EndProject
Project("{9A19103F-16F7-4668-BE54-9A1E7A4F7556}") = "Repository", "Repository\Repository.csproj", "{2E529F47-1DFF-41F3-8C09-92A05490D5A3}"
EndProject
Project("{9A19103F-16F7-4668-BE54-9A1E7A4F7556}") = "Domain", "Domain\Domain.csproj", "{94EC2AA0-9D65-4E05-B491-DB473355D84D}"
EndProject
Global
	GlobalSection(SolutionConfigurationPlatforms) = preSolution
		Debug|Any CPU = Debug|Any CPU
		Release|Any CPU = Release|Any CPU
	EndGlobalSection
	GlobalSection(ProjectConfigurationPlatforms) = postSolution
		{63C1044A-FDED-4EB7-AE03-6A8763D41E98}.Debug|Any CPU.ActiveCfg = Debug|Any CPU
		{63C1044A-FDED-4EB7-AE03-6A8763D41E98}.Debug|Any CPU.Build.0 = Debug|Any CPU
		{63C1044A-FDED-4EB7-AE03-6A8763D41E98}.Release|Any CPU.ActiveCfg = Release|Any CPU
		{63C1044A-FDED-4EB7-AE03-6A8763D41E98}.Release|Any CPU.Build.0 = Release|Any CPU
		{2715DCDD-C85E-4907-8096-459ED7A01F2D}.Debug|Any CPU.ActiveCfg = Debug|Any CPU
		{2715DCDD-C85E-4907-8096-459ED7A01F2D}.Debug|Any CPU.Build.0 = Debug|Any CPU
		{2715DCDD-C85E-4907-8096-459ED7A01F2D}.Release|Any CPU.ActiveCfg = Release|Any CPU
		{2715DCDD-C85E-4907-8096-459ED7A01F2D}.Release|Any CPU.Build.0 = Release|Any CPU
		{2E4646E8-0BCB-4150-8E0C-40F2DFEE61EE}.Debug|Any CPU.ActiveCfg = Debug|Any CPU
		{2E4646E8-0BCB-4150-8E0C-40F2DFEE61EE}.Debug|Any CPU.Build.0 = Debug|Any CPU
		{2E4646E8-0BCB-4150-8E0C-40F2DFEE61EE}.Release|Any CPU.ActiveCfg = Release|Any CPU
		{2E4646E8-0BCB-4150-8E0C-40F2DFEE61EE}.Release|Any CPU.Build.0 = Release|Any CPU
		{2E529F47-1DFF-41F3-8C09-92A05490D5A3}.Debug|Any CPU.ActiveCfg = Debug|Any CPU
		{2E529F47-1DFF-41F3-8C09-92A05490D5A3}.Debug|Any CPU.Build.0 = Debug|Any CPU
		{2E529F47-1DFF-41F3-8C09-92A05490D5A3}.Release|Any CPU.ActiveCfg = Release|Any CPU
		{2E529F47-1DFF-41F3-8C09-92A05490D5A3}.Release|Any CPU.Build.0 = Release|Any CPU
		{94EC2AA0-9D65-4E05-B491-DB473355D84D}.Debug|Any CPU.ActiveCfg = Debug|Any CPU
		{94EC2AA0-9D65-4E05-B491-DB473355D84D}.Debug|Any CPU.Build.0 = Debug|Any CPU
		{94EC2AA0-9D65-4E05-B491-DB473355D84D}.Release|Any CPU.ActiveCfg = Release|Any CPU
		{94EC2AA0-9D65-4E05-B491-DB473355D84D}.Release|Any CPU.Build.0 = Release|Any CPU
	EndGlobalSection
	GlobalSection(SolutionProperties) = preSolution
		HideSolutionNode = FALSE
	EndGlobalSection
	GlobalSection(ExtensibilityGlobals) = postSolution
		SolutionGuid = {9DCE1C0A-6997-478D-9DF4-205AB1C99683}
	EndGlobalSection
EndGlobal
