
Microsoft Visual Studio Solution File, Format Version 12.00
# Visual Studio Version 17
VisualStudioVersion = 17.3.32901.215
MinimumVisualStudioVersion = 10.0.40219.1
Project("{FAE04EC0-301F-11D3-BF4B-00C04F79EFBC}") = "CloudDatabase", "CloudDatabase\CloudDatabase.csproj", "{63C1044A-FDED-4EB7-AE03-6A8763D41E98}"
EndProject
Project("{FAE04EC0-301F-11D3-BF4B-00C04F79EFBC}") = "Domain", "Domain\Domain.csproj", "{DEB96D04-C1F3-4814-9935-FCEC106C1064}"
EndProject
Project("{FAE04EC0-301F-11D3-BF4B-00C04F79EFBC}") = "Service", "Service\Service.csproj", "{7D903A5E-50A0-44D2-83AE-B8CE450A54CE}"
EndProject
Project("{FAE04EC0-301F-11D3-BF4B-00C04F79EFBC}") = "DAL", "DAL\DAL.csproj", "{09E848BE-563E-4342-9A9F-BA71313A87CB}"
EndProject
Global
	GlobalSection(SolutionConfigurationPlatforms) = preSolution
		Debug|Any CPU = Debug|Any CPU
		Release|Any CPU = Release|Any CPU
	EndGlobalSection
	GlobalSection(ProjectConfigurationPlatforms) = postSolution
		{63C1044A-FDED-4EB7-AE03-6A8763D41E98}.Debug|Any CPU.ActiveCfg = Debug|Any CPU
		{63C1044A-FDED-4EB7-AE03-6A8763D41E98}.Debug|Any CPU.Build.0 = Debug|Any CPU
		{63C1044A-FDED-4EB7-AE03-6A8763D41E98}.Release|Any CPU.ActiveCfg = Release|Any CPU
		{63C1044A-FDED-4EB7-AE03-6A8763D41E98}.Release|Any CPU.Build.0 = Release|Any CPU
		{DEB96D04-C1F3-4814-9935-FCEC106C1064}.Debug|Any CPU.ActiveCfg = Debug|Any CPU
		{DEB96D04-C1F3-4814-9935-FCEC106C1064}.Debug|Any CPU.Build.0 = Debug|Any CPU
		{DEB96D04-C1F3-4814-9935-FCEC106C1064}.Release|Any CPU.ActiveCfg = Release|Any CPU
		{DEB96D04-C1F3-4814-9935-FCEC106C1064}.Release|Any CPU.Build.0 = Release|Any CPU
		{7D903A5E-50A0-44D2-83AE-B8CE450A54CE}.Debug|Any CPU.ActiveCfg = Debug|Any CPU
		{7D903A5E-50A0-44D2-83AE-B8CE450A54CE}.Debug|Any CPU.Build.0 = Debug|Any CPU
		{7D903A5E-50A0-44D2-83AE-B8CE450A54CE}.Release|Any CPU.ActiveCfg = Release|Any CPU
		{7D903A5E-50A0-44D2-83AE-B8CE450A54CE}.Release|Any CPU.Build.0 = Release|Any CPU
		{09E848BE-563E-4342-9A9F-BA71313A87CB}.Debug|Any CPU.ActiveCfg = Debug|Any CPU
		{09E848BE-563E-4342-9A9F-BA71313A87CB}.Debug|Any CPU.Build.0 = Debug|Any CPU
		{09E848BE-563E-4342-9A9F-BA71313A87CB}.Release|Any CPU.ActiveCfg = Release|Any CPU
		{09E848BE-563E-4342-9A9F-BA71313A87CB}.Release|Any CPU.Build.0 = Release|Any CPU
	EndGlobalSection
	GlobalSection(SolutionProperties) = preSolution
		HideSolutionNode = FALSE
	EndGlobalSection
	GlobalSection(ExtensibilityGlobals) = postSolution
		SolutionGuid = {9DCE1C0A-6997-478D-9DF4-205AB1C99683}
	EndGlobalSection
EndGlobal
